dependencies:
- name: mongodb
  repository: https://charts.bitnami.com/bitnami
  version: 16.5.45
- name: meilisearch
  repository: https://meilisearch.github.io/meilisearch-kubernetes
  version: 0.11.0
- name: librechat-rag-api
  repository: file://../librechat-rag-api
  version: 0.5.2
digest: sha256:34469b457a92b4a8aa8ddae756910f1bfabdac08cb4937306ee92f50d5b29c52
generated: "2026-01-26T12:29:29.716769918+01:00"
